
Microsoft Visual Studio Solution File, Format Version 12.00
# Visual Studio Version 16
VisualStudioVersion = 16.0.30503.244
MinimumVisualStudioVersion = 10.0.40219.1
Project("{FAE04EC0-301F-11D3-BF4B-00C04F79EFBC}") = "DesignPatterns", "DesignPatterns\DesignPatterns.csproj", "{B4D890FB-7A1D-49B5-ADF8-60F135DDE760}"
EndProject
Global
	GlobalSection(SolutionConfigurationPlatforms) = preSolution
		Debug|Any CPU = Debug|Any CPU
		Release|Any CPU = Release|Any CPU
	EndGlobalSection
	GlobalSection(ProjectConfigurationPlatforms) = postSolution
		{B4D890FB-7A1D-49B5-ADF8-60F135DDE760}.Debug|Any CPU.ActiveCfg = Debug|Any CPU
		{B4D890FB-7A1D-49B5-ADF8-60F135DDE760}.Debug|Any CPU.Build.0 = Debug|Any CPU
		{B4D890FB-7A1D-49B5-ADF8-60F135DDE760}.Release|Any CPU.ActiveCfg = Release|Any CPU
		{B4D890FB-7A1D-49B5-ADF8-60F135DDE760}.Release|Any CPU.Build.0 = Release|Any CPU
	EndGlobalSection
	GlobalSection(SolutionProperties) = preSolution
		HideSolutionNode = FALSE
	EndGlobalSection
	GlobalSection(ExtensibilityGlobals) = postSolution
		SolutionGuid = {7876E9C2-3B83-4116-A9E6-87C6BC5A5E90}
	EndGlobalSection
EndGlobal
